
Microsoft Visual Studio Solution File, Format Version 12.00
# Visual Studio Version 17
VisualStudioVersion = 17.7.34202.233
MinimumVisualStudioVersion = 10.0.40219.1
Project("{FAE04EC0-301F-11D3-BF4B-00C04F79EFBC}") = "CapaPresentacion1", "CapaPresentacion1\CapaPresentacion1.csproj", "{0E4E068A-5A8F-4C03-BA4D-DC68EFEA09F1}"
EndProject
Project("{FAE04EC0-301F-11D3-BF4B-00C04F79EFBC}") = "CapaEntidad", "CapaEntidad\CapaEntidad.csproj", "{549C4C53-B7F2-4E11-9EC5-7CB4E2678941}"
EndProject
Project("{FAE04EC0-301F-11D3-BF4B-00C04F79EFBC}") = "CapaDatos", "CapaDatos\CapaDatos.csproj", "{18C8E427-050B-46B2-B33E-AC2709F0613D}"
EndProject
Global
	GlobalSection(SolutionConfigurationPlatforms) = preSolution
		Debug|Any CPU = Debug|Any CPU
		Release|Any CPU = Release|Any CPU
	EndGlobalSection
	GlobalSection(ProjectConfigurationPlatforms) = postSolution
		{0E4E068A-5A8F-4C03-BA4D-DC68EFEA09F1}.Debug|Any CPU.ActiveCfg = Debug|Any CPU
		{0E4E068A-5A8F-4C03-BA4D-DC68EFEA09F1}.Debug|Any CPU.Build.0 = Debug|Any CPU
		{0E4E068A-5A8F-4C03-BA4D-DC68EFEA09F1}.Release|Any CPU.ActiveCfg = Release|Any CPU
		{0E4E068A-5A8F-4C03-BA4D-DC68EFEA09F1}.Release|Any CPU.Build.0 = Release|Any CPU
		{549C4C53-B7F2-4E11-9EC5-7CB4E2678941}.Debug|Any CPU.ActiveCfg = Debug|Any CPU
		{549C4C53-B7F2-4E11-9EC5-7CB4E2678941}.Debug|Any CPU.Build.0 = Debug|Any CPU
		{549C4C53-B7F2-4E11-9EC5-7CB4E2678941}.Release|Any CPU.ActiveCfg = Release|Any CPU
		{549C4C53-B7F2-4E11-9EC5-7CB4E2678941}.Release|Any CPU.Build.0 = Release|Any CPU
		{18C8E427-050B-46B2-B33E-AC2709F0613D}.Debug|Any CPU.ActiveCfg = Debug|Any CPU
		{18C8E427-050B-46B2-B33E-AC2709F0613D}.Debug|Any CPU.Build.0 = Debug|Any CPU
		{18C8E427-050B-46B2-B33E-AC2709F0613D}.Release|Any CPU.ActiveCfg = Release|Any CPU
		{18C8E427-050B-46B2-B33E-AC2709F0613D}.Release|Any CPU.Build.0 = Release|Any CPU
	EndGlobalSection
	GlobalSection(SolutionProperties) = preSolution
		HideSolutionNode = FALSE
	EndGlobalSection
	GlobalSection(ExtensibilityGlobals) = postSolution
		SolutionGuid = {ACC87285-6C30-4F8E-B7DC-0A050D36731B}
	EndGlobalSection
EndGlobal
